
Microsoft Visual Studio Solution File, Format Version 12.00
# Visual Studio Version 17
VisualStudioVersion = 17.7.34221.43
MinimumVisualStudioVersion = 10.0.40219.1
Project("{9092AA53-FB77-4645-B42D-1CCCA6BD08BD}") = "nodejs-express-template", "nodejs-express-template\nodejs-express-template.njsproj", "{2C64071E-16E2-4960-8C1E-88243B4528FF}"
EndProject
Global
	GlobalSection(SolutionConfigurationPlatforms) = preSolution
		Debug|Any CPU = Debug|Any CPU
		Release|Any CPU = Release|Any CPU
	EndGlobalSection
	GlobalSection(ProjectConfigurationPlatforms) = postSolution
		{2C64071E-16E2-4960-8C1E-88243B4528FF}.Debug|Any CPU.ActiveCfg = Debug|Any CPU
		{2C64071E-16E2-4960-8C1E-88243B4528FF}.Debug|Any CPU.Build.0 = Debug|Any CPU
		{2C64071E-16E2-4960-8C1E-88243B4528FF}.Release|Any CPU.ActiveCfg = Release|Any CPU
		{2C64071E-16E2-4960-8C1E-88243B4528FF}.Release|Any CPU.Build.0 = Release|Any CPU
	EndGlobalSection
	GlobalSection(SolutionProperties) = preSolution
		HideSolutionNode = FALSE
	EndGlobalSection
	GlobalSection(ExtensibilityGlobals) = postSolution
		SolutionGuid = {67833E92-033A-493F-A5AF-5D6D6AE9247B}
	EndGlobalSection
EndGlobal
